
Microsoft Visual Studio Solution File, Format Version 12.00
# Visual Studio Version 17
VisualStudioVersion = 17.6.33417.168
MinimumVisualStudioVersion = 10.0.40219.1
Project("{9A19103F-16F7-4668-BE54-9A1E7A4F7556}") = "Blazor.ShoppingCart", "Blazor.ShoppingCart\Blazor.ShoppingCart.csproj", "{C9F336B5-DEC1-4297-887C-793539C70626}"
EndProject
Project("{FAE04EC0-301F-11D3-BF4B-00C04F79EFBC}") = "EmptyBlazorServer", "EmptyBlazorServer\EmptyBlazorServer.csproj", "{2CE92A1F-391A-4608-9D20-085AE85E8CB2}"
EndProject
Project("{FAE04EC0-301F-11D3-BF4B-00C04F79EFBC}") = "ShoppingCart.UI", "ShoppingCart.UI\ShoppingCart.UI.csproj", "{4D0935FB-B472-427F-8026-9D138C75A0FE}"
EndProject
Global
	GlobalSection(SolutionConfigurationPlatforms) = preSolution
		Debug|Any CPU = Debug|Any CPU
		Release|Any CPU = Release|Any CPU
	EndGlobalSection
	GlobalSection(ProjectConfigurationPlatforms) = postSolution
		{C9F336B5-DEC1-4297-887C-793539C70626}.Debug|Any CPU.ActiveCfg = Debug|Any CPU
		{C9F336B5-DEC1-4297-887C-793539C70626}.Debug|Any CPU.Build.0 = Debug|Any CPU
		{C9F336B5-DEC1-4297-887C-793539C70626}.Release|Any CPU.ActiveCfg = Release|Any CPU
		{C9F336B5-DEC1-4297-887C-793539C70626}.Release|Any CPU.Build.0 = Release|Any CPU
		{2CE92A1F-391A-4608-9D20-085AE85E8CB2}.Debug|Any CPU.ActiveCfg = Debug|Any CPU
		{2CE92A1F-391A-4608-9D20-085AE85E8CB2}.Debug|Any CPU.Build.0 = Debug|Any CPU
		{2CE92A1F-391A-4608-9D20-085AE85E8CB2}.Release|Any CPU.ActiveCfg = Release|Any CPU
		{2CE92A1F-391A-4608-9D20-085AE85E8CB2}.Release|Any CPU.Build.0 = Release|Any CPU
		{4D0935FB-B472-427F-8026-9D138C75A0FE}.Debug|Any CPU.ActiveCfg = Debug|Any CPU
		{4D0935FB-B472-427F-8026-9D138C75A0FE}.Debug|Any CPU.Build.0 = Debug|Any CPU
		{4D0935FB-B472-427F-8026-9D138C75A0FE}.Release|Any CPU.ActiveCfg = Release|Any CPU
		{4D0935FB-B472-427F-8026-9D138C75A0FE}.Release|Any CPU.Build.0 = Release|Any CPU
	EndGlobalSection
	GlobalSection(SolutionProperties) = preSolution
		HideSolutionNode = FALSE
	EndGlobalSection
	GlobalSection(ExtensibilityGlobals) = postSolution
		SolutionGuid = {AC5916D9-5EEB-43FB-B8DD-84905A6F02CC}
	EndGlobalSection
EndGlobal
